// !$*UTF8*$!
{
	archiveVersion = 1;
	classes = {
	};
	objectVersion = 48;
	objects = {

/* Begin PBXBuildFile section */
		70A1341FF795D3EF0ACF17CE /* Pods_recipeAppTests.framework in Frameworks */ = {isa = PBXBuildFile; fileRef = 1C294C46364C8BD4CDDB6701 /* Pods_recipeAppTests.framework */; };
		7FE90D46FB9B7286A56D3E9D /* Pods_recipeApp.framework in Frameworks */ = {isa = PBXBuildFile; fileRef = BBD9FC4E18FBCFE132A6C280 /* Pods_recipeApp.framework */; };
		C8F2705120BA583CF4BD371B /* Pods_recipeAppUITests.framework in Frameworks */ = {isa = PBXBuildFile; fileRef = 8F29E9118E77E21876F99F14 /* Pods_recipeAppUITests.framework */; };
		E653263B1F73E79700BC33ED /* AppDelegate.swift in Sources */ = {isa = PBXBuildFile; fileRef = E653263A1F73E79700BC33ED /* AppDelegate.swift */; };
		E653263D1F73E79700BC33ED /* RecipeListViewController.swift in Sources */ = {isa = PBXBuildFile; fileRef = E653263C1F73E79700BC33ED /* RecipeListViewController.swift */; };
		E65326401F73E79700BC33ED /* Main.storyboard in Resources */ = {isa = PBXBuildFile; fileRef = E653263E1F73E79700BC33ED /* Main.storyboard */; };
		E65326431F73E79700BC33ED /* recipeApp.xcdatamodeld in Sources */ = {isa = PBXBuildFile; fileRef = E65326411F73E79700BC33ED /* recipeApp.xcdatamodeld */; };
		E65326451F73E79700BC33ED /* Assets.xcassets in Resources */ = {isa = PBXBuildFile; fileRef = E65326441F73E79700BC33ED /* Assets.xcassets */; };
		E65326481F73E79700BC33ED /* LaunchScreen.storyboard in Resources */ = {isa = PBXBuildFile; fileRef = E65326461F73E79700BC33ED /* LaunchScreen.storyboard */; };
		E653265E1F73E79700BC33ED /* recipeAppUITests.swift in Sources */ = {isa = PBXBuildFile; fileRef = E653265D1F73E79700BC33ED /* recipeAppUITests.swift */; };
		E653266C1F73E96B00BC33ED /* FileLoaderTests.swift in Sources */ = {isa = PBXBuildFile; fileRef = E653266B1F73E96B00BC33ED /* FileLoaderTests.swift */; };
		E653266F1F73EB1C00BC33ED /* FileLoader.swift in Sources */ = {isa = PBXBuildFile; fileRef = E653266E1F73EB1C00BC33ED /* FileLoader.swift */; };
		E65326771F740B8D00BC33ED /* recipetypes.xml in Resources */ = {isa = PBXBuildFile; fileRef = E65326701F73EB9600BC33ED /* recipetypes.xml */; };
		E653267A1F740EE000BC33ED /* RecipeTypesTests.swift in Sources */ = {isa = PBXBuildFile; fileRef = E65326791F740EE000BC33ED /* RecipeTypesTests.swift */; };
		E653267C1F740F8400BC33ED /* RecipeTypes.swift in Sources */ = {isa = PBXBuildFile; fileRef = E653267B1F740F8400BC33ED /* RecipeTypes.swift */; };
		E6A882971F74B33B0091E1EC /* TextFieldTableViewCell.swift in Sources */ = {isa = PBXBuildFile; fileRef = E6A882961F74B33B0091E1EC /* TextFieldTableViewCell.swift */; };
		E6A882991F74B34F0091E1EC /* TwoLabelTableViewCell.swift in Sources */ = {isa = PBXBuildFile; fileRef = E6A882981F74B34F0091E1EC /* TwoLabelTableViewCell.swift */; };
		E6A8829B1F74B70C0091E1EC /* PickerViewTableViewCell.swift in Sources */ = {isa = PBXBuildFile; fileRef = E6A8829A1F74B70C0091E1EC /* PickerViewTableViewCell.swift */; };
		E6A8829D1F74B7500091E1EC /* TextViewTableViewCell.swift in Sources */ = {isa = PBXBuildFile; fileRef = E6A8829C1F74B7500091E1EC /* TextViewTableViewCell.swift */; };
		E6A882A11F74B8CD0091E1EC /* OneLabelTableViewCell.swift in Sources */ = {isa = PBXBuildFile; fileRef = E6A882A01F74B8CD0091E1EC /* OneLabelTableViewCell.swift */; };
		E6A882A51F74BAED0091E1EC /* RecipeDetailTableViewController.swift in Sources */ = {isa = PBXBuildFile; fileRef = E6A882A41F74BAED0091E1EC /* RecipeDetailTableViewController.swift */; };
		E6E26B6F1F742A8B008A969A /* RecipeListViewModel.swift in Sources */ = {isa = PBXBuildFile; fileRef = E6E26B6E1F742A8B008A969A /* RecipeListViewModel.swift */; };
		E6E26B731F742B84008A969A /* RecipeListViewModelTests.swift in Sources */ = {isa = PBXBuildFile; fileRef = E6E26B721F742B84008A969A /* RecipeListViewModelTests.swift */; };
/* End PBXBuildFile section */

/* Begin PBXContainerItemProxy section */
		E653264F1F73E79700BC33ED /* PBXContainerItemProxy */ = {
			isa = PBXContainerItemProxy;
			containerPortal = E653262F1F73E79700BC33ED /* Project object */;
			proxyType = 1;
			remoteGlobalIDString = E65326361F73E79700BC33ED;
			remoteInfo = recipeApp;
		};
		E653265A1F73E79700BC33ED /* PBXContainerItemProxy */ = {
			isa = PBXContainerItemProxy;
			containerPortal = E653262F1F73E79700BC33ED /* Project object */;
			proxyType = 1;
			remoteGlobalIDString = E65326361F73E79700BC33ED;
			remoteInfo = recipeApp;
		};
/* End PBXContainerItemProxy section */

/* Begin PBXFileReference section */
		164ACEFD4CBB25416671037B /* Pods-recipeAppUITests.debug.xcconfig */ = {isa = PBXFileReference; includeInIndex = 1; lastKnownFileType = text.xcconfig; name = "Pods-recipeAppUITests.debug.xcconfig"; path = "Pods/Target Support Files/Pods-recipeAppUITests/Pods-recipeAppUITests.debug.xcconfig"; sourceTree = "<group>"; };
		1C294C46364C8BD4CDDB6701 /* Pods_recipeAppTests.framework */ = {isa = PBXFileReference; explicitFileType = wrapper.framework; includeInIndex = 0; path = Pods_recipeAppTests.framework; sourceTree = BUILT_PRODUCTS_DIR; };
		4F97AA167C46446E7A1D788D /* Pods-recipeAppUITests.release.xcconfig */ = {isa = PBXFileReference; includeInIndex = 1; lastKnownFileType = text.xcconfig; name = "Pods-recipeAppUITests.release.xcconfig"; path = "Pods/Target Support Files/Pods-recipeAppUITests/Pods-recipeAppUITests.release.xcconfig"; sourceTree = "<group>"; };
		8F29E9118E77E21876F99F14 /* Pods_recipeAppUITests.framework */ = {isa = PBXFileReference; explicitFileType = wrapper.framework; includeInIndex = 0; path = Pods_recipeAppUITests.framework; sourceTree = BUILT_PRODUCTS_DIR; };
		91FAEE037A17B893817CE5ED /* Pods-recipeAppTests.debug.xcconfig */ = {isa = PBXFileReference; includeInIndex = 1; lastKnownFileType = text.xcconfig; name = "Pods-recipeAppTests.debug.xcconfig"; path = "Pods/Target Support Files/Pods-recipeAppTests/Pods-recipeAppTests.debug.xcconfig"; sourceTree = "<group>"; };
		A43F7F21227A7697FE72A84F /* Pods-recipeApp.debug.xcconfig */ = {isa = PBXFileReference; includeInIndex = 1; lastKnownFileType = text.xcconfig; name = "Pods-recipeApp.debug.xcconfig"; path = "Pods/Target Support Files/Pods-recipeApp/Pods-recipeApp.debug.xcconfig"; sourceTree = "<group>"; };
		B9C2FB64D228253BE3D45639 /* Pods-recipeApp.release.xcconfig */ = {isa = PBXFileReference; includeInIndex = 1; lastKnownFileType = text.xcconfig; name = "Pods-recipeApp.release.xcconfig"; path = "Pods/Target Support Files/Pods-recipeApp/Pods-recipeApp.release.xcconfig"; sourceTree = "<group>"; };
		BBD9FC4E18FBCFE132A6C280 /* Pods_recipeApp.framework */ = {isa = PBXFileReference; explicitFileType = wrapper.framework; includeInIndex = 0; path = Pods_recipeApp.framework; sourceTree = BUILT_PRODUCTS_DIR; };
		DCF12315181F83DAAE867F30 /* Pods-recipeAppTests.release.xcconfig */ = {isa = PBXFileReference; includeInIndex = 1; lastKnownFileType = text.xcconfig; name = "Pods-recipeAppTests.release.xcconfig"; path = "Pods/Target Support Files/Pods-recipeAppTests/Pods-recipeAppTests.release.xcconfig"; sourceTree = "<group>"; };
		E65326371F73E79700BC33ED /* recipeApp.app */ = {isa = PBXFileReference; explicitFileType = wrapper.application; includeInIndex = 0; path = recipeApp.app; sourceTree = BUILT_PRODUCTS_DIR; };
		E653263A1F73E79700BC33ED /* AppDelegate.swift */ = {isa = PBXFileReference; lastKnownFileType = sourcecode.swift; path = AppDelegate.swift; sourceTree = "<group>"; };
		E653263C1F73E79700BC33ED /* RecipeListViewController.swift */ = {isa = PBXFileReference; lastKnownFileType = sourcecode.swift; path = RecipeListViewController.swift; sourceTree = "<group>"; };
		E653263F1F73E79700BC33ED /* Base */ = {isa = PBXFileReference; lastKnownFileType = file.storyboard; name = Base; path = Base.lproj/Main.storyboard; sourceTree = "<group>"; };
		E65326421F73E79700BC33ED /* recipeApp.xcdatamodel */ = {isa = PBXFileReference; lastKnownFileType = wrapper.xcdatamodel; path = recipeApp.xcdatamodel; sourceTree = "<group>"; };
		E65326441F73E79700BC33ED /* Assets.xcassets */ = {isa = PBXFileReference; lastKnownFileType = folder.assetcatalog; path = Assets.xcassets; sourceTree = "<group>"; };
		E65326471F73E79700BC33ED /* Base */ = {isa = PBXFileReference; lastKnownFileType = file.storyboard; name = Base; path = Base.lproj/LaunchScreen.storyboard; sourceTree = "<group>"; };
		E65326491F73E79700BC33ED /* Info.plist */ = {isa = PBXFileReference; lastKnownFileType = text.plist.xml; path = Info.plist; sourceTree = "<group>"; };
		E653264E1F73E79700BC33ED /* recipeAppTests.xctest */ = {isa = PBXFileReference; explicitFileType = wrapper.cfbundle; includeInIndex = 0; path = recipeAppTests.xctest; sourceTree = BUILT_PRODUCTS_DIR; };
		E65326541F73E79700BC33ED /* Info.plist */ = {isa = PBXFileReference; lastKnownFileType = text.plist.xml; path = Info.plist; sourceTree = "<group>"; };
		E65326591F73E79700BC33ED /* recipeAppUITests.xctest */ = {isa = PBXFileReference; explicitFileType = wrapper.cfbundle; includeInIndex = 0; path = recipeAppUITests.xctest; sourceTree = BUILT_PRODUCTS_DIR; };
		E653265D1F73E79700BC33ED /* recipeAppUITests.swift */ = {isa = PBXFileReference; lastKnownFileType = sourcecode.swift; path = recipeAppUITests.swift; sourceTree = "<group>"; };
		E653265F1F73E79700BC33ED /* Info.plist */ = {isa = PBXFileReference; lastKnownFileType = text.plist.xml; path = Info.plist; sourceTree = "<group>"; };
		E653266B1F73E96B00BC33ED /* FileLoaderTests.swift */ = {isa = PBXFileReference; lastKnownFileType = sourcecode.swift; path = FileLoaderTests.swift; sourceTree = "<group>"; };
		E653266E1F73EB1C00BC33ED /* FileLoader.swift */ = {isa = PBXFileReference; lastKnownFileType = sourcecode.swift; path = FileLoader.swift; sourceTree = "<group>"; };
		E65326701F73EB9600BC33ED /* recipetypes.xml */ = {isa = PBXFileReference; lastKnownFileType = text.xml; path = recipetypes.xml; sourceTree = "<group>"; };
		E65326791F740EE000BC33ED /* RecipeTypesTests.swift */ = {isa = PBXFileReference; lastKnownFileType = sourcecode.swift; path = RecipeTypesTests.swift; sourceTree = "<group>"; };
		E653267B1F740F8400BC33ED /* RecipeTypes.swift */ = {isa = PBXFileReference; lastKnownFileType = sourcecode.swift; path = RecipeTypes.swift; sourceTree = "<group>"; };
		E6A882961F74B33B0091E1EC /* TextFieldTableViewCell.swift */ = {isa = PBXFileReference; lastKnownFileType = sourcecode.swift; path = TextFieldTableViewCell.swift; sourceTree = "<group>"; };
		E6A882981F74B34F0091E1EC /* TwoLabelTableViewCell.swift */ = {isa = PBXFileReference; lastKnownFileType = sourcecode.swift; path = TwoLabelTableViewCell.swift; sourceTree = "<group>"; };
		E6A8829A1F74B70C0091E1EC /* PickerViewTableViewCell.swift */ = {isa = PBXFileReference; lastKnownFileType = sourcecode.swift; path = PickerViewTableViewCell.swift; sourceTree = "<group>"; };
		E6A8829C1F74B7500091E1EC /* TextViewTableViewCell.swift */ = {isa = PBXFileReference; lastKnownFileType = sourcecode.swift; path = TextViewTableViewCell.swift; sourceTree = "<group>"; };
		E6A882A01F74B8CD0091E1EC /* OneLabelTableViewCell.swift */ = {isa = PBXFileReference; lastKnownFileType = sourcecode.swift; path = OneLabelTableViewCell.swift; sourceTree = "<group>"; };
		E6A882A41F74BAED0091E1EC /* RecipeDetailTableViewController.swift */ = {isa = PBXFileReference; lastKnownFileType = sourcecode.swift; path = RecipeDetailTableViewController.swift; sourceTree = "<group>"; };
		E6E26B6E1F742A8B008A969A /* RecipeListViewModel.swift */ = {isa = PBXFileReference; lastKnownFileType = sourcecode.swift; path = RecipeListViewModel.swift; sourceTree = "<group>"; };
		E6E26B721F742B84008A969A /* RecipeListViewModelTests.swift */ = {isa = PBXFileReference; lastKnownFileType = sourcecode.swift; path = RecipeListViewModelTests.swift; sourceTree = "<group>"; };
/* End PBXFileReference section */

/* Begin PBXFrameworksBuildPhase section */
		E65326341F73E79700BC33ED /* Frameworks */ = {
			isa = PBXFrameworksBuildPhase;
			buildActionMask = 2147483647;
			files = (
				7FE90D46FB9B7286A56D3E9D /* Pods_recipeApp.framework in Frameworks */,
			);
			runOnlyForDeploymentPostprocessing = 0;
		};
		E653264B1F73E79700BC33ED /* Frameworks */ = {
			isa = PBXFrameworksBuildPhase;
			buildActionMask = 2147483647;
			files = (
				70A1341FF795D3EF0ACF17CE /* Pods_recipeAppTests.framework in Frameworks */,
			);
			runOnlyForDeploymentPostprocessing = 0;
		};
		E65326561F73E79700BC33ED /* Frameworks */ = {
			isa = PBXFrameworksBuildPhase;
			buildActionMask = 2147483647;
			files = (
				C8F2705120BA583CF4BD371B /* Pods_recipeAppUITests.framework in Frameworks */,
			);
			runOnlyForDeploymentPostprocessing = 0;
		};
/* End PBXFrameworksBuildPhase section */

/* Begin PBXGroup section */
		625FA2ECCCC1933DD2E93030 /* Frameworks */ = {
			isa = PBXGroup;
			children = (
				BBD9FC4E18FBCFE132A6C280 /* Pods_recipeApp.framework */,
				1C294C46364C8BD4CDDB6701 /* Pods_recipeAppTests.framework */,
				8F29E9118E77E21876F99F14 /* Pods_recipeAppUITests.framework */,
			);
			name = Frameworks;
			sourceTree = "<group>";
		};
		BE6DB82A4DDE509CBE3B4031 /* Pods */ = {
			isa = PBXGroup;
			children = (
				A43F7F21227A7697FE72A84F /* Pods-recipeApp.debug.xcconfig */,
				B9C2FB64D228253BE3D45639 /* Pods-recipeApp.release.xcconfig */,
				91FAEE037A17B893817CE5ED /* Pods-recipeAppTests.debug.xcconfig */,
				DCF12315181F83DAAE867F30 /* Pods-recipeAppTests.release.xcconfig */,
				164ACEFD4CBB25416671037B /* Pods-recipeAppUITests.debug.xcconfig */,
				4F97AA167C46446E7A1D788D /* Pods-recipeAppUITests.release.xcconfig */,
			);
			name = Pods;
			sourceTree = "<group>";
		};
		E653262E1F73E79700BC33ED = {
			isa = PBXGroup;
			children = (
				E65326391F73E79700BC33ED /* recipeApp */,
				E65326511F73E79700BC33ED /* recipeAppTests */,
				E653265C1F73E79700BC33ED /* recipeAppUITests */,
				E65326381F73E79700BC33ED /* Products */,
				BE6DB82A4DDE509CBE3B4031 /* Pods */,
				625FA2ECCCC1933DD2E93030 /* Frameworks */,
			);
			sourceTree = "<group>";
		};
		E65326381F73E79700BC33ED /* Products */ = {
			isa = PBXGroup;
			children = (
				E65326371F73E79700BC33ED /* recipeApp.app */,
				E653264E1F73E79700BC33ED /* recipeAppTests.xctest */,
				E65326591F73E79700BC33ED /* recipeAppUITests.xctest */,
			);
			name = Products;
			sourceTree = "<group>";
		};
		E65326391F73E79700BC33ED /* recipeApp */ = {
			isa = PBXGroup;
			children = (
				E65326781F740E5100BC33ED /* DataObjects */,
				E653266D1F73EAF100BC33ED /* Utilities */,
				E6A882951F74B2FF0091E1EC /* TableViewCells */,
				E6E26B6D1F742A67008A969A /* ViewModels */,
				E65326741F73ECD800BC33ED /* ViewControllers */,
				E65326731F73ECC800BC33ED /* Storyboard */,
				E65326711F73EB9900BC33ED /* XML */,
				E65326721F73ECB000BC33ED /* Resource */,
				E653263A1F73E79700BC33ED /* AppDelegate.swift */,
				E65326461F73E79700BC33ED /* LaunchScreen.storyboard */,
				E65326411F73E79700BC33ED /* recipeApp.xcdatamodeld */,
				E65326491F73E79700BC33ED /* Info.plist */,
			);
			path = recipeApp;
			sourceTree = "<group>";
		};
		E65326511F73E79700BC33ED /* recipeAppTests */ = {
			isa = PBXGroup;
			children = (
				E65326541F73E79700BC33ED /* Info.plist */,
				E653266B1F73E96B00BC33ED /* FileLoaderTests.swift */,
				E65326791F740EE000BC33ED /* RecipeTypesTests.swift */,
				E6E26B721F742B84008A969A /* RecipeListViewModelTests.swift */,
			);
			path = recipeAppTests;
			sourceTree = "<group>";
		};
		E653265C1F73E79700BC33ED /* recipeAppUITests */ = {
			isa = PBXGroup;
			children = (
				E653265D1F73E79700BC33ED /* recipeAppUITests.swift */,
				E653265F1F73E79700BC33ED /* Info.plist */,
			);
			path = recipeAppUITests;
			sourceTree = "<group>";
		};
		E653266D1F73EAF100BC33ED /* Utilities */ = {
			isa = PBXGroup;
			children = (
				E653266E1F73EB1C00BC33ED /* FileLoader.swift */,
			);
			path = Utilities;
			sourceTree = "<group>";
		};
		E65326711F73EB9900BC33ED /* XML */ = {
			isa = PBXGroup;
			children = (
				E65326701F73EB9600BC33ED /* recipetypes.xml */,
			);
			path = XML;
			sourceTree = "<group>";
		};
		E65326721F73ECB000BC33ED /* Resource */ = {
			isa = PBXGroup;
			children = (
				E65326441F73E79700BC33ED /* Assets.xcassets */,
			);
			path = Resource;
			sourceTree = "<group>";
		};
		E65326731F73ECC800BC33ED /* Storyboard */ = {
			isa = PBXGroup;
			children = (
				E653263E1F73E79700BC33ED /* Main.storyboard */,
			);
			path = Storyboard;
			sourceTree = "<group>";
		};
		E65326741F73ECD800BC33ED /* ViewControllers */ = {
			isa = PBXGroup;
			children = (
				E653263C1F73E79700BC33ED /* RecipeListViewController.swift */,
				E6A882A41F74BAED0091E1EC /* RecipeDetailTableViewController.swift */,
			);
			path = ViewControllers;
			sourceTree = "<group>";
		};
		E65326781F740E5100BC33ED /* DataObjects */ = {
			isa = PBXGroup;
			children = (
				E653267B1F740F8400BC33ED /* RecipeTypes.swift */,
			);
			path = DataObjects;
			sourceTree = "<group>";
		};
		E6A882951F74B2FF0091E1EC /* TableViewCells */ = {
			isa = PBXGroup;
			children = (
				E6A882961F74B33B0091E1EC /* TextFieldTableViewCell.swift */,
				E6A882981F74B34F0091E1EC /* TwoLabelTableViewCell.swift */,
				E6A8829A1F74B70C0091E1EC /* PickerViewTableViewCell.swift */,
				E6A8829C1F74B7500091E1EC /* TextViewTableViewCell.swift */,
				E6A882A01F74B8CD0091E1EC /* OneLabelTableViewCell.swift */,
			);
			path = TableViewCells;
			sourceTree = "<group>";
		};
		E6E26B6D1F742A67008A969A /* ViewModels */ = {
			isa = PBXGroup;
			children = (
				E6E26B6E1F742A8B008A969A /* RecipeListViewModel.swift */,
			);
			path = ViewModels;
			sourceTree = "<group>";
		};
/* End PBXGroup section */

/* Begin PBXNativeTarget section */
		E65326361F73E79700BC33ED /* recipeApp */ = {
			isa = PBXNativeTarget;
			buildConfigurationList = E65326621F73E79700BC33ED /* Build configuration list for PBXNativeTarget "recipeApp" */;
			buildPhases = (
				FECA794BB22466FEEB7751A0 /* [CP] Check Pods Manifest.lock */,
				E65326331F73E79700BC33ED /* Sources */,
				E65326341F73E79700BC33ED /* Frameworks */,
				E65326351F73E79700BC33ED /* Resources */,
				808E7C52BBF82536661D6BB8 /* [CP] Embed Pods Frameworks */,
				928D91442FD13F2218C79A4E /* [CP] Copy Pods Resources */,
			);
			buildRules = (
			);
			dependencies = (
			);
			name = recipeApp;
			productName = recipeApp;
			productReference = E65326371F73E79700BC33ED /* recipeApp.app */;
			productType = "com.apple.product-type.application";
		};
		E653264D1F73E79700BC33ED /* recipeAppTests */ = {
			isa = PBXNativeTarget;
			buildConfigurationList = E65326651F73E79700BC33ED /* Build configuration list for PBXNativeTarget "recipeAppTests" */;
			buildPhases = (
				A32A8508BF1E7D20C8DE16BD /* [CP] Check Pods Manifest.lock */,
				E653264A1F73E79700BC33ED /* Sources */,
				E653264B1F73E79700BC33ED /* Frameworks */,
				E653264C1F73E79700BC33ED /* Resources */,
				53AAD15F2FD4DCB7E81DF90F /* [CP] Embed Pods Frameworks */,
				5DDC805378977323BAD53104 /* [CP] Copy Pods Resources */,
			);
			buildRules = (
			);
			dependencies = (
				E65326501F73E79700BC33ED /* PBXTargetDependency */,
			);
			name = recipeAppTests;
			productName = recipeAppTests;
			productReference = E653264E1F73E79700BC33ED /* recipeAppTests.xctest */;
			productType = "com.apple.product-type.bundle.unit-test";
		};
		E65326581F73E79700BC33ED /* recipeAppUITests */ = {
			isa = PBXNativeTarget;
			buildConfigurationList = E65326681F73E79700BC33ED /* Build configuration list for PBXNativeTarget "recipeAppUITests" */;
			buildPhases = (
				AE6442D10C332846C4CA3562 /* [CP] Check Pods Manifest.lock */,
				E65326551F73E79700BC33ED /* Sources */,
				E65326561F73E79700BC33ED /* Frameworks */,
				E65326571F73E79700BC33ED /* Resources */,
				190D2D52A88956DF3394B4FF /* [CP] Embed Pods Frameworks */,
				0BFEC047288059447C0480A1 /* [CP] Copy Pods Resources */,
			);
			buildRules = (
			);
			dependencies = (
				E653265B1F73E79700BC33ED /* PBXTargetDependency */,
			);
			name = recipeAppUITests;
			productName = recipeAppUITests;
			productReference = E65326591F73E79700BC33ED /* recipeAppUITests.xctest */;
			productType = "com.apple.product-type.bundle.ui-testing";
		};
/* End PBXNativeTarget section */

/* Begin PBXProject section */
		E653262F1F73E79700BC33ED /* Project object */ = {
			isa = PBXProject;
			attributes = {
				LastSwiftUpdateCheck = 0900;
				LastUpgradeCheck = 0900;
				ORGANIZATIONNAME = "Shah Qays";
				TargetAttributes = {
					E65326361F73E79700BC33ED = {
						CreatedOnToolsVersion = 9.0;
						ProvisioningStyle = Automatic;
					};
					E653264D1F73E79700BC33ED = {
						CreatedOnToolsVersion = 9.0;
						LastSwiftMigration = 0900;
						ProvisioningStyle = Automatic;
						TestTargetID = E65326361F73E79700BC33ED;
					};
					E65326581F73E79700BC33ED = {
						CreatedOnToolsVersion = 9.0;
						ProvisioningStyle = Automatic;
						TestTargetID = E65326361F73E79700BC33ED;
					};
				};
			};
			buildConfigurationList = E65326321F73E79700BC33ED /* Build configuration list for PBXProject "recipeApp" */;
			compatibilityVersion = "Xcode 8.0";
			developmentRegion = en;
			hasScannedForEncodings = 0;
			knownRegions = (
				en,
				Base,
			);
			mainGroup = E653262E1F73E79700BC33ED;
			productRefGroup = E65326381F73E79700BC33ED /* Products */;
			projectDirPath = "";
			projectRoot = "";
			targets = (
				E65326361F73E79700BC33ED /* recipeApp */,
				E653264D1F73E79700BC33ED /* recipeAppTests */,
				E65326581F73E79700BC33ED /* recipeAppUITests */,
			);
		};
/* End PBXProject section */

/* Begin PBXResourcesBuildPhase section */
		E65326351F73E79700BC33ED /* Resources */ = {
			isa = PBXResourcesBuildPhase;
			buildActionMask = 2147483647;
			files = (
				E65326771F740B8D00BC33ED /* recipetypes.xml in Resources */,
				E65326481F73E79700BC33ED /* LaunchScreen.storyboard in Resources */,
				E65326451F73E79700BC33ED /* Assets.xcassets in Resources */,
				E65326401F73E79700BC33ED /* Main.storyboard in Resources */,
			);
			runOnlyForDeploymentPostprocessing = 0;
		};
		E653264C1F73E79700BC33ED /* Resources */ = {
			isa = PBXResourcesBuildPhase;
			buildActionMask = 2147483647;
			files = (
			);
			runOnlyForDeploymentPostprocessing = 0;
		};
		E65326571F73E79700BC33ED /* Resources */ = {
			isa = PBXResourcesBuildPhase;
			buildActionMask = 2147483647;
			files = (
			);
			runOnlyForDeploymentPostprocessing = 0;
		};
/* End PBXResourcesBuildPhase section */

/* Begin PBXShellScriptBuildPhase section */
		0BFEC047288059447C0480A1 /* [CP] Copy Pods Resources */ = {
			isa = PBXShellScriptBuildPhase;
			buildActionMask = 2147483647;
			files = (
			);
			inputPaths = (
			);
			name = "[CP] Copy Pods Resources";
			outputPaths = (
			);
			runOnlyForDeploymentPostprocessing = 0;
			shellPath = /bin/sh;
			shellScript = "\"${SRCROOT}/Pods/Target Support Files/Pods-recipeAppUITests/Pods-recipeAppUITests-resources.sh\"\n";
			showEnvVarsInLog = 0;
		};
		190D2D52A88956DF3394B4FF /* [CP] Embed Pods Frameworks */ = {
			isa = PBXShellScriptBuildPhase;
			buildActionMask = 2147483647;
			files = (
			);
			inputPaths = (
			);
			name = "[CP] Embed Pods Frameworks";
			outputPaths = (
			);
			runOnlyForDeploymentPostprocessing = 0;
			shellPath = /bin/sh;
			shellScript = "\"${SRCROOT}/Pods/Target Support Files/Pods-recipeAppUITests/Pods-recipeAppUITests-frameworks.sh\"\n";
			showEnvVarsInLog = 0;
		};
		53AAD15F2FD4DCB7E81DF90F /* [CP] Embed Pods Frameworks */ = {
			isa = PBXShellScriptBuildPhase;
			buildActionMask = 2147483647;
			files = (
			);
			inputPaths = (
			);
			name = "[CP] Embed Pods Frameworks";
			outputPaths = (
			);
			runOnlyForDeploymentPostprocessing = 0;
			shellPath = /bin/sh;
			shellScript = "\"${SRCROOT}/Pods/Target Support Files/Pods-recipeAppTests/Pods-recipeAppTests-frameworks.sh\"\n";
			showEnvVarsInLog = 0;
		};
		5DDC805378977323BAD53104 /* [CP] Copy Pods Resources */ = {
			isa = PBXShellScriptBuildPhase;
			buildActionMask = 2147483647;
			files = (
			);
			inputPaths = (
			);
			name = "[CP] Copy Pods Resources";
			outputPaths = (
			);
			runOnlyForDeploymentPostprocessing = 0;
			shellPath = /bin/sh;
			shellScript = "\"${SRCROOT}/Pods/Target Support Files/Pods-recipeAppTests/Pods-recipeAppTests-resources.sh\"\n";
			showEnvVarsInLog = 0;
		};
		808E7C52BBF82536661D6BB8 /* [CP] Embed Pods Frameworks */ = {
			isa = PBXShellScriptBuildPhase;
			buildActionMask = 2147483647;
			files = (
			);
			inputPaths = (
			);
			name = "[CP] Embed Pods Frameworks";
			outputPaths = (
			);
			runOnlyForDeploymentPostprocessing = 0;
			shellPath = /bin/sh;
			shellScript = "\"${SRCROOT}/Pods/Target Support Files/Pods-recipeApp/Pods-recipeApp-frameworks.sh\"\n";
			showEnvVarsInLog = 0;
		};
		928D91442FD13F2218C79A4E /* [CP] Copy Pods Resources */ = {
			isa = PBXShellScriptBuildPhase;
			buildActionMask = 2147483647;
			files = (
			);
			inputPaths = (
			);
			name = "[CP] Copy Pods Resources";
			outputPaths = (
			);
			runOnlyForDeploymentPostprocessing = 0;
			shellPath = /bin/sh;
			shellScript = "\"${SRCROOT}/Pods/Target Support Files/Pods-recipeApp/Pods-recipeApp-resources.sh\"\n";
			showEnvVarsInLog = 0;
		};
		A32A8508BF1E7D20C8DE16BD /* [CP] Check Pods Manifest.lock */ = {
			isa = PBXShellScriptBuildPhase;
			buildActionMask = 2147483647;
			files = (
			);
			inputPaths = (
			);
			name = "[CP] Check Pods Manifest.lock";
			outputPaths = (
			);
			runOnlyForDeploymentPostprocessing = 0;
			shellPath = /bin/sh;
			shellScript = "diff \"${PODS_PODFILE_DIR_PATH}/Podfile.lock\" \"${PODS_ROOT}/Manifest.lock\" > /dev/null\nif [ $? != 0 ] ; then\n    # print error to STDERR\n    echo \"error: The sandbox is not in sync with the Podfile.lock. Run 'pod install' or update your CocoaPods installation.\" >&2\n    exit 1\nfi\n";
			showEnvVarsInLog = 0;
		};
		AE6442D10C332846C4CA3562 /* [CP] Check Pods Manifest.lock */ = {
			isa = PBXShellScriptBuildPhase;
			buildActionMask = 2147483647;
			files = (
			);
			inputPaths = (
			);
			name = "[CP] Check Pods Manifest.lock";
			outputPaths = (
			);
			runOnlyForDeploymentPostprocessing = 0;
			shellPath = /bin/sh;
			shellScript = "diff \"${PODS_PODFILE_DIR_PATH}/Podfile.lock\" \"${PODS_ROOT}/Manifest.lock\" > /dev/null\nif [ $? != 0 ] ; then\n    # print error to STDERR\n    echo \"error: The sandbox is not in sync with the Podfile.lock. Run 'pod install' or update your CocoaPods installation.\" >&2\n    exit 1\nfi\n";
			showEnvVarsInLog = 0;
		};
		FECA794BB22466FEEB7751A0 /* [CP] Check Pods Manifest.lock */ = {
			isa = PBXShellScriptBuildPhase;
			buildActionMask = 2147483647;
			files = (
			);
			inputPaths = (
			);
			name = "[CP] Check Pods Manifest.lock";
			outputPaths = (
			);
			runOnlyForDeploymentPostprocessing = 0;
			shellPath = /bin/sh;
			shellScript = "diff \"${PODS_PODFILE_DIR_PATH}/Podfile.lock\" \"${PODS_ROOT}/Manifest.lock\" > /dev/null\nif [ $? != 0 ] ; then\n    # print error to STDERR\n    echo \"error: The sandbox is not in sync with the Podfile.lock. Run 'pod install' or update your CocoaPods installation.\" >&2\n    exit 1\nfi\n";
			showEnvVarsInLog = 0;
		};
/* End PBXShellScriptBuildPhase section */

/* Begin PBXSourcesBuildPhase section */
		E65326331F73E79700BC33ED /* Sources */ = {
			isa = PBXSourcesBuildPhase;
			buildActionMask = 2147483647;
			files = (
				E653266F1F73EB1C00BC33ED /* FileLoader.swift in Sources */,
				E65326431F73E79700BC33ED /* recipeApp.xcdatamodeld in Sources */,
				E6E26B6F1F742A8B008A969A /* RecipeListViewModel.swift in Sources */,
				E6A882991F74B34F0091E1EC /* TwoLabelTableViewCell.swift in Sources */,
				E653267C1F740F8400BC33ED /* RecipeTypes.swift in Sources */,
				E6A882971F74B33B0091E1EC /* TextFieldTableViewCell.swift in Sources */,
				E6A882A51F74BAED0091E1EC /* RecipeDetailTableViewController.swift in Sources */,
				E6A8829B1F74B70C0091E1EC /* PickerViewTableViewCell.swift in Sources */,
				E653263D1F73E79700BC33ED /* RecipeListViewController.swift in Sources */,
				E653263B1F73E79700BC33ED /* AppDelegate.swift in Sources */,
				E6A882A11F74B8CD0091E1EC /* OneLabelTableViewCell.swift in Sources */,
				E6A8829D1F74B7500091E1EC /* TextViewTableViewCell.swift in Sources */,
			);
			runOnlyForDeploymentPostprocessing = 0;
		};
		E653264A1F73E79700BC33ED /* Sources */ = {
			isa = PBXSourcesBuildPhase;
			buildActionMask = 2147483647;
			files = (
				E6E26B731F742B84008A969A /* RecipeListViewModelTests.swift in Sources */,
				E653266C1F73E96B00BC33ED /* FileLoaderTests.swift in Sources */,
				E653267A1F740EE000BC33ED /* RecipeTypesTests.swift in Sources */,
			);
			runOnlyForDeploymentPostprocessing = 0;
		};
		E65326551F73E79700BC33ED /* Sources */ = {
			isa = PBXSourcesBuildPhase;
			buildActionMask = 2147483647;
			files = (
				E653265E1F73E79700BC33ED /* recipeAppUITests.swift in Sources */,
			);
			runOnlyForDeploymentPostprocessing = 0;
		};
/* End PBXSourcesBuildPhase section */

/* Begin PBXTargetDependency section */
		E65326501F73E79700BC33ED /* PBXTargetDependency */ = {
			isa = PBXTargetDependency;
			target = E65326361F73E79700BC33ED /* recipeApp */;
			targetProxy = E653264F1F73E79700BC33ED /* PBXContainerItemProxy */;
		};
		E653265B1F73E79700BC33ED /* PBXTargetDependency */ = {
			isa = PBXTargetDependency;
			target = E65326361F73E79700BC33ED /* recipeApp */;
			targetProxy = E653265A1F73E79700BC33ED /* PBXContainerItemProxy */;
		};
/* End PBXTargetDependency section */

/* Begin PBXVariantGroup section */
		E653263E1F73E79700BC33ED /* Main.storyboard */ = {
			isa = PBXVariantGroup;
			children = (
				E653263F1F73E79700BC33ED /* Base */,
			);
			name = Main.storyboard;
			sourceTree = "<group>";
		};
		E65326461F73E79700BC33ED /* LaunchScreen.storyboard */ = {
			isa = PBXVariantGroup;
			children = (
				E65326471F73E79700BC33ED /* Base */,
			);
			name = LaunchScreen.storyboard;
			sourceTree = "<group>";
		};
/* End PBXVariantGroup section */

/* Begin XCBuildConfiguration section */
		E65326601F73E79700BC33ED /* Debug */ = {
			isa = XCBuildConfiguration;
			buildSettings = {
				ALWAYS_SEARCH_USER_PATHS = NO;
				CLANG_ANALYZER_NONNULL = YES;
				CLANG_ANALYZER_NUMBER_OBJECT_CONVERSION = YES_AGGRESSIVE;
				CLANG_CXX_LANGUAGE_STANDARD = "gnu++14";
				CLANG_CXX_LIBRARY = "libc++";
				CLANG_ENABLE_MODULES = YES;
				CLANG_ENABLE_OBJC_ARC = YES;
				CLANG_WARN_BLOCK_CAPTURE_AUTORELEASING = YES;
				CLANG_WARN_BOOL_CONVERSION = YES;
				CLANG_WARN_COMMA = YES;
				CLANG_WARN_CONSTANT_CONVERSION = YES;
				CLANG_WARN_DIRECT_OBJC_ISA_USAGE = YES_ERROR;
				CLANG_WARN_DOCUMENTATION_COMMENTS = YES;
				CLANG_WARN_EMPTY_BODY = YES;
				CLANG_WARN_ENUM_CONVERSION = YES;
				CLANG_WARN_INFINITE_RECURSION = YES;
				CLANG_WARN_INT_CONVERSION = YES;
				CLANG_WARN_NON_LITERAL_NULL_CONVERSION = YES;
				CLANG_WARN_OBJC_LITERAL_CONVERSION = YES;
				CLANG_WARN_OBJC_ROOT_CLASS = YES_ERROR;
				CLANG_WARN_RANGE_LOOP_ANALYSIS = YES;
				CLANG_WARN_STRICT_PROTOTYPES = YES;
				CLANG_WARN_SUSPICIOUS_MOVE = YES;
				CLANG_WARN_UNGUARDED_AVAILABILITY = YES_AGGRESSIVE;
				CLANG_WARN_UNREACHABLE_CODE = YES;
				CLANG_WARN__DUPLICATE_METHOD_MATCH = YES;
				CODE_SIGN_IDENTITY = "iPhone Developer";
				COPY_PHASE_STRIP = NO;
				DEBUG_INFORMATION_FORMAT = dwarf;
				ENABLE_STRICT_OBJC_MSGSEND = YES;
				ENABLE_TESTABILITY = YES;
				GCC_C_LANGUAGE_STANDARD = gnu11;
				GCC_DYNAMIC_NO_PIC = NO;
				GCC_NO_COMMON_BLOCKS = YES;
				GCC_OPTIMIZATION_LEVEL = 0;
				GCC_PREPROCESSOR_DEFINITIONS = (
					"DEBUG=1",
					"$(inherited)",
				);
				GCC_WARN_64_TO_32_BIT_CONVERSION = YES;
				GCC_WARN_ABOUT_RETURN_TYPE = YES_ERROR;
				GCC_WARN_UNDECLARED_SELECTOR = YES;
				GCC_WARN_UNINITIALIZED_AUTOS = YES_AGGRESSIVE;
				GCC_WARN_UNUSED_FUNCTION = YES;
				GCC_WARN_UNUSED_VARIABLE = YES;
				IPHONEOS_DEPLOYMENT_TARGET = 11.0;
				MTL_ENABLE_DEBUG_INFO = YES;
				ONLY_ACTIVE_ARCH = YES;
				SDKROOT = iphoneos;
				SWIFT_ACTIVE_COMPILATION_CONDITIONS = DEBUG;
				SWIFT_OPTIMIZATION_LEVEL = "-Onone";
			};
			name = Debug;
		};
		E65326611F73E79700BC33ED /* Release */ = {
			isa = XCBuildConfiguration;
			buildSettings = {
				ALWAYS_SEARCH_USER_PATHS = NO;
				CLANG_ANALYZER_NONNULL = YES;
				CLANG_ANALYZER_NUMBER_OBJECT_CONVERSION = YES_AGGRESSIVE;
				CLANG_CXX_LANGUAGE_STANDARD = "gnu++14";
				CLANG_CXX_LIBRARY = "libc++";
				CLANG_ENABLE_MODULES = YES;
				CLANG_ENABLE_OBJC_ARC = YES;
				CLANG_WARN_BLOCK_CAPTURE_AUTORELEASING = YES;
				CLANG_WARN_BOOL_CONVERSION = YES;
				CLANG_WARN_COMMA = YES;
				CLANG_WARN_CONSTANT_CONVERSION = YES;
				CLANG_WARN_DIRECT_OBJC_ISA_USAGE = YES_ERROR;
				CLANG_WARN_DOCUMENTATION_COMMENTS = YES;
				CLANG_WARN_EMPTY_BODY = YES;
				CLANG_WARN_ENUM_CONVERSION = YES;
				CLANG_WARN_INFINITE_RECURSION = YES;
				CLANG_WARN_INT_CONVERSION = YES;
				CLANG_WARN_NON_LITERAL_NULL_CONVERSION = YES;
				CLANG_WARN_OBJC_LITERAL_CONVERSION = YES;
				CLANG_WARN_OBJC_ROOT_CLASS = YES_ERROR;
				CLANG_WARN_RANGE_LOOP_ANALYSIS = YES;
				CLANG_WARN_STRICT_PROTOTYPES = YES;
				CLANG_WARN_SUSPICIOUS_MOVE = YES;
				CLANG_WARN_UNGUARDED_AVAILABILITY = YES_AGGRESSIVE;
				CLANG_WARN_UNREACHABLE_CODE = YES;
				CLANG_WARN__DUPLICATE_METHOD_MATCH = YES;
				CODE_SIGN_IDENTITY = "iPhone Developer";
				COPY_PHASE_STRIP = NO;
				DEBUG_INFORMATION_FORMAT = "dwarf-with-dsym";
				ENABLE_NS_ASSERTIONS = NO;
				ENABLE_STRICT_OBJC_MSGSEND = YES;
				GCC_C_LANGUAGE_STANDARD = gnu11;
				GCC_NO_COMMON_BLOCKS = YES;
				GCC_WARN_64_TO_32_BIT_CONVERSION = YES;
				GCC_WARN_ABOUT_RETURN_TYPE = YES_ERROR;
				GCC_WARN_UNDECLARED_SELECTOR = YES;
				GCC_WARN_UNINITIALIZED_AUTOS = YES_AGGRESSIVE;
				GCC_WARN_UNUSED_FUNCTION = YES;
				GCC_WARN_UNUSED_VARIABLE = YES;
				IPHONEOS_DEPLOYMENT_TARGET = 11.0;
				MTL_ENABLE_DEBUG_INFO = NO;
				SDKROOT = iphoneos;
				SWIFT_OPTIMIZATION_LEVEL = "-Owholemodule";
				VALIDATE_PRODUCT = YES;
			};
			name = Release;
		};
		E65326631F73E79700BC33ED /* Debug */ = {
			isa = XCBuildConfiguration;
			baseConfigurationReference = A43F7F21227A7697FE72A84F /* Pods-recipeApp.debug.xcconfig */;
			buildSettings = {
				ASSETCATALOG_COMPILER_APPICON_NAME = AppIcon;
				CODE_SIGN_STYLE = Automatic;
				DEVELOPMENT_TEAM = PWCQR4WGGQ;
				INFOPLIST_FILE = recipeApp/Info.plist;
				LD_RUNPATH_SEARCH_PATHS = "$(inherited) @executable_path/Frameworks";
				PRODUCT_BUNDLE_IDENTIFIER = com.work.recipeApp;
				PRODUCT_NAME = "$(TARGET_NAME)";
				SWIFT_VERSION = 4.0;
				TARGETED_DEVICE_FAMILY = "1,2";
			};
			name = Debug;
		};
		E65326641F73E79700BC33ED /* Release */ = {
			isa = XCBuildConfiguration;
			baseConfigurationReference = B9C2FB64D228253BE3D45639 /* Pods-recipeApp.release.xcconfig */;
			buildSettings = {
				ASSETCATALOG_COMPILER_APPICON_NAME = AppIcon;
				CODE_SIGN_STYLE = Automatic;
				DEVELOPMENT_TEAM = PWCQR4WGGQ;
				INFOPLIST_FILE = recipeApp/Info.plist;
				LD_RUNPATH_SEARCH_PATHS = "$(inherited) @executable_path/Frameworks";
				PRODUCT_BUNDLE_IDENTIFIER = com.work.recipeApp;
				PRODUCT_NAME = "$(TARGET_NAME)";
				SWIFT_VERSION = 4.0;
				TARGETED_DEVICE_FAMILY = "1,2";
			};
			name = Release;
		};
		E65326661F73E79700BC33ED /* Debug */ = {
			isa = XCBuildConfiguration;
			baseConfigurationReference = 91FAEE037A17B893817CE5ED /* Pods-recipeAppTests.debug.xcconfig */;
			buildSettings = {
				ALWAYS_EMBED_SWIFT_STANDARD_LIBRARIES = YES;
				BUNDLE_LOADER = "$(TEST_HOST)";
				CLANG_ENABLE_MODULES = YES;
				CODE_SIGN_STYLE = Automatic;
				DEVELOPMENT_TEAM = PWCQR4WGGQ;
				INFOPLIST_FILE = recipeAppTests/Info.plist;
				LD_RUNPATH_SEARCH_PATHS = "$(inherited) @executable_path/Frameworks @loader_path/Frameworks";
				PRODUCT_BUNDLE_IDENTIFIER = com.work.recipeAppTests;
				PRODUCT_NAME = "$(TARGET_NAME)";
				SWIFT_OPTIMIZATION_LEVEL = "-Onone";
				SWIFT_VERSION = 4.0;
				TARGETED_DEVICE_FAMILY = "1,2";
				TEST_HOST = "$(BUILT_PRODUCTS_DIR)/recipeApp.app/recipeApp";
			};
			name = Debug;
		};
		E65326671F73E79700BC33ED /* Release */ = {
			isa = XCBuildConfiguration;
			baseConfigurationReference = DCF12315181F83DAAE867F30 /* Pods-recipeAppTests.release.xcconfig */;
			buildSettings = {
				ALWAYS_EMBED_SWIFT_STANDARD_LIBRARIES = YES;
				BUNDLE_LOADER = "$(TEST_HOST)";
				CLANG_ENABLE_MODULES = YES;
				CODE_SIGN_STYLE = Automatic;
				DEVELOPMENT_TEAM = PWCQR4WGGQ;
				INFOPLIST_FILE = recipeAppTests/Info.plist;
				LD_RUNPATH_SEARCH_PATHS = "$(inherited) @executable_path/Frameworks @loader_path/Frameworks";
				PRODUCT_BUNDLE_IDENTIFIER = com.work.recipeAppTests;
				PRODUCT_NAME = "$(TARGET_NAME)";
				SWIFT_VERSION = 4.0;
				TARGETED_DEVICE_FAMILY = "1,2";
				TEST_HOST = "$(BUILT_PRODUCTS_DIR)/recipeApp.app/recipeApp";
			};
			name = Release;
		};
		E65326691F73E79700BC33ED /* Debug */ = {
			isa = XCBuildConfiguration;
			baseConfigurationReference = 164ACEFD4CBB25416671037B /* Pods-recipeAppUITests.debug.xcconfig */;
			buildSettings = {
				ALWAYS_EMBED_SWIFT_STANDARD_LIBRARIES = YES;
				CODE_SIGN_STYLE = Automatic;
				DEVELOPMENT_TEAM = PWCQR4WGGQ;
				INFOPLIST_FILE = recipeAppUITests/Info.plist;
				LD_RUNPATH_SEARCH_PATHS = "$(inherited) @executable_path/Frameworks @loader_path/Frameworks";
				PRODUCT_BUNDLE_IDENTIFIER = com.work.recipeAppUITests;
				PRODUCT_NAME = "$(TARGET_NAME)";
				SWIFT_VERSION = 4.0;
				TARGETED_DEVICE_FAMILY = "1,2";
				TEST_TARGET_NAME = recipeApp;
			};
			name = Debug;
		};
		E653266A1F73E79700BC33ED /* Release */ = {
			isa = XCBuildConfiguration;
			baseConfigurationReference = 4F97AA167C46446E7A1D788D /* Pods-recipeAppUITests.release.xcconfig */;
			buildSettings = {
				ALWAYS_EMBED_SWIFT_STANDARD_LIBRARIES = YES;
				CODE_SIGN_STYLE = Automatic;
				DEVELOPMENT_TEAM = PWCQR4WGGQ;
				INFOPLIST_FILE = recipeAppUITests/Info.plist;
				LD_RUNPATH_SEARCH_PATHS = "$(inherited) @executable_path/Frameworks @loader_path/Frameworks";
				PRODUCT_BUNDLE_IDENTIFIER = com.work.recipeAppUITests;
				PRODUCT_NAME = "$(TARGET_NAME)";
				SWIFT_VERSION = 4.0;
				TARGETED_DEVICE_FAMILY = "1,2";
				TEST_TARGET_NAME = recipeApp;
			};
			name = Release;
		};
/* End XCBuildConfiguration section */

/* Begin XCConfigurationList section */
		E65326321F73E79700BC33ED /* Build configuration list for PBXProject "recipeApp" */ = {
			isa = XCConfigurationList;
			buildConfigurations = (
				E65326601F73E79700BC33ED /* Debug */,
				E65326611F73E79700BC33ED /* Release */,
			);
			defaultConfigurationIsVisible = 0;
			defaultConfigurationName = Release;
		};
		E65326621F73E79700BC33ED /* Build configuration list for PBXNativeTarget "recipeApp" */ = {
			isa = XCConfigurationList;
			buildConfigurations = (
				E65326631F73E79700BC33ED /* Debug */,
				E65326641F73E79700BC33ED /* Release */,
			);
			defaultConfigurationIsVisible = 0;
			defaultConfigurationName = Release;
		};
		E65326651F73E79700BC33ED /* Build configuration list for PBXNativeTarget "recipeAppTests" */ = {
			isa = XCConfigurationList;
			buildConfigurations = (
				E65326661F73E79700BC33ED /* Debug */,
				E65326671F73E79700BC33ED /* Release */,
			);
			defaultConfigurationIsVisible = 0;
			defaultConfigurationName = Release;
		};
		E65326681F73E79700BC33ED /* Build configuration list for PBXNativeTarget "recipeAppUITests" */ = {
			isa = XCConfigurationList;
			buildConfigurations = (
				E65326691F73E79700BC33ED /* Debug */,
				E653266A1F73E79700BC33ED /* Release */,
			);
			defaultConfigurationIsVisible = 0;
			defaultConfigurationName = Release;
		};
/* End XCConfigurationList section */

/* Begin XCVersionGroup section */
		E65326411F73E79700BC33ED /* recipeApp.xcdatamodeld */ = {
			isa = XCVersionGroup;
			children = (
				E65326421F73E79700BC33ED /* recipeApp.xcdatamodel */,
			);
			currentVersion = E65326421F73E79700BC33ED /* recipeApp.xcdatamodel */;
			path = recipeApp.xcdatamodeld;
			sourceTree = "<group>";
			versionGroupType = wrapper.xcdatamodel;
		};
/* End XCVersionGroup section */
	};
	rootObject = E653262F1F73E79700BC33ED /* Project object */;
}
